// !$*UTF8*$!
{
	archiveVersion = 1;
	classes = {
	};
	objectVersion = 46;
	objects = {

/* Begin PBXBuildFile section */
		98251E411941314100542437 /* Cocoa.framework in Frameworks */ = {isa = PBXBuildFile; fileRef = 98251E401941314100542437 /* Cocoa.framework */; };
		98251E4B1941314100542437 /* InfoPlist.strings in Resources */ = {isa = PBXBuildFile; fileRef = 98251E491941314100542437 /* InfoPlist.strings */; };
		98251E4D1941314100542437 /* main.m in Sources */ = {isa = PBXBuildFile; fileRef = 98251E4C1941314100542437 /* main.m */; };
		98251E511941314100542437 /* Credits.rtf in Resources */ = {isa = PBXBuildFile; fileRef = 98251E4F1941314100542437 /* Credits.rtf */; };
		98251E541941314100542437 /* PDAppDelegate.m in Sources */ = {isa = PBXBuildFile; fileRef = 98251E531941314100542437 /* PDAppDelegate.m */; };
		98251E571941314100542437 /* MainMenu.xib in Resources */ = {isa = PBXBuildFile; fileRef = 98251E551941314100542437 /* MainMenu.xib */; };
		98251E591941314100542437 /* Images.xcassets in Resources */ = {isa = PBXBuildFile; fileRef = 98251E581941314100542437 /* Images.xcassets */; };
		98251E601941314200542437 /* XCTest.framework in Frameworks */ = {isa = PBXBuildFile; fileRef = 98251E5F1941314200542437 /* XCTest.framework */; };
		98251E611941314200542437 /* Cocoa.framework in Frameworks */ = {isa = PBXBuildFile; fileRef = 98251E401941314100542437 /* Cocoa.framework */; };
		98251E691941314200542437 /* InfoPlist.strings in Resources */ = {isa = PBXBuildFile; fileRef = 98251E671941314200542437 /* InfoPlist.strings */; };
		98251E6B1941314200542437 /* Path_DiffTests.m in Sources */ = {isa = PBXBuildFile; fileRef = 98251E6A1941314200542437 /* Path_DiffTests.m */; };
		98251E761941368E00542437 /* PDDiff.m in Sources */ = {isa = PBXBuildFile; fileRef = 98251E751941368E00542437 /* PDDiff.m */; };
		98251E7919413D6C00542437 /* PDDPathArray.m in Sources */ = {isa = PBXBuildFile; fileRef = 98251E7819413D6C00542437 /* PDDPathArray.m */; };
		9843EB501947AB1700AC75EC /* PDUnifiedDiff.m in Sources */ = {isa = PBXBuildFile; fileRef = 9843EB4F1947AB1700AC75EC /* PDUnifiedDiff.m */; };
		98E90D7219465CF200E73E99 /* PDCharPath.m in Sources */ = {isa = PBXBuildFile; fileRef = 98E90D7119465CF200E73E99 /* PDCharPath.m */; };
		98E90D7519465E1D00E73E99 /* PDLinePath.m in Sources */ = {isa = PBXBuildFile; fileRef = 98E90D7419465E1D00E73E99 /* PDLinePath.m */; };
		98FF724019437B0B008A24EF /* PDDPath.m in Sources */ = {isa = PBXBuildFile; fileRef = 98FF723F19437B0B008A24EF /* PDDPath.m */; };
		98FF724319437B57008A24EF /* PDEdit.m in Sources */ = {isa = PBXBuildFile; fileRef = 98FF724219437B57008A24EF /* PDEdit.m */; };
/* End PBXBuildFile section */

/* Begin PBXContainerItemProxy section */
		98251E621941314200542437 /* PBXContainerItemProxy */ = {
			isa = PBXContainerItemProxy;
			containerPortal = 98251E351941314100542437 /* Project object */;
			proxyType = 1;
			remoteGlobalIDString = 98251E3C1941314100542437;
			remoteInfo = "Path Diff";
		};
/* End PBXContainerItemProxy section */

/* Begin PBXFileReference section */
		98251E3D1941314100542437 /* Path Diff.app */ = {isa = PBXFileReference; explicitFileType = wrapper.application; includeInIndex = 0; path = "Path Diff.app"; sourceTree = BUILT_PRODUCTS_DIR; };
		98251E401941314100542437 /* Cocoa.framework */ = {isa = PBXFileReference; lastKnownFileType = wrapper.framework; name = Cocoa.framework; path = System/Library/Frameworks/Cocoa.framework; sourceTree = SDKROOT; };
		98251E431941314100542437 /* AppKit.framework */ = {isa = PBXFileReference; lastKnownFileType = wrapper.framework; name = AppKit.framework; path = System/Library/Frameworks/AppKit.framework; sourceTree = SDKROOT; };
		98251E441941314100542437 /* CoreData.framework */ = {isa = PBXFileReference; lastKnownFileType = wrapper.framework; name = CoreData.framework; path = System/Library/Frameworks/CoreData.framework; sourceTree = SDKROOT; };
		98251E451941314100542437 /* Foundation.framework */ = {isa = PBXFileReference; lastKnownFileType = wrapper.framework; name = Foundation.framework; path = System/Library/Frameworks/Foundation.framework; sourceTree = SDKROOT; };
		98251E481941314100542437 /* Path Diff-Info.plist */ = {isa = PBXFileReference; lastKnownFileType = text.plist.xml; path = "Path Diff-Info.plist"; sourceTree = "<group>"; };
		98251E4A1941314100542437 /* en */ = {isa = PBXFileReference; lastKnownFileType = text.plist.strings; name = en; path = en.lproj/InfoPlist.strings; sourceTree = "<group>"; };
		98251E4C1941314100542437 /* main.m */ = {isa = PBXFileReference; lastKnownFileType = sourcecode.c.objc; path = main.m; sourceTree = "<group>"; };
		98251E4E1941314100542437 /* Path Diff-Prefix.pch */ = {isa = PBXFileReference; lastKnownFileType = sourcecode.c.h; path = "Path Diff-Prefix.pch"; sourceTree = "<group>"; };
		98251E501941314100542437 /* en */ = {isa = PBXFileReference; lastKnownFileType = text.rtf; name = en; path = en.lproj/Credits.rtf; sourceTree = "<group>"; };
		98251E521941314100542437 /* PDAppDelegate.h */ = {isa = PBXFileReference; lastKnownFileType = sourcecode.c.h; path = PDAppDelegate.h; sourceTree = "<group>"; };
		98251E531941314100542437 /* PDAppDelegate.m */ = {isa = PBXFileReference; lastKnownFileType = sourcecode.c.objc; path = PDAppDelegate.m; sourceTree = "<group>"; };
		98251E561941314100542437 /* Base */ = {isa = PBXFileReference; lastKnownFileType = file.xib; name = Base; path = Base.lproj/MainMenu.xib; sourceTree = "<group>"; };
		98251E581941314100542437 /* Images.xcassets */ = {isa = PBXFileReference; lastKnownFileType = folder.assetcatalog; path = Images.xcassets; sourceTree = "<group>"; };
		98251E5E1941314200542437 /* Path DiffTests.xctest */ = {isa = PBXFileReference; explicitFileType = wrapper.cfbundle; includeInIndex = 0; path = "Path DiffTests.xctest"; sourceTree = BUILT_PRODUCTS_DIR; };
		98251E5F1941314200542437 /* XCTest.framework */ = {isa = PBXFileReference; lastKnownFileType = wrapper.framework; name = XCTest.framework; path = Library/Frameworks/XCTest.framework; sourceTree = DEVELOPER_DIR; };
		98251E661941314200542437 /* Path DiffTests-Info.plist */ = {isa = PBXFileReference; lastKnownFileType = text.plist.xml; path = "Path DiffTests-Info.plist"; sourceTree = "<group>"; };
		98251E681941314200542437 /* en */ = {isa = PBXFileReference; lastKnownFileType = text.plist.strings; name = en; path = en.lproj/InfoPlist.strings; sourceTree = "<group>"; };
		98251E6A1941314200542437 /* Path_DiffTests.m */ = {isa = PBXFileReference; lastKnownFileType = sourcecode.c.objc; path = Path_DiffTests.m; sourceTree = "<group>"; };
		98251E741941368E00542437 /* PDDiff.h */ = {isa = PBXFileReference; fileEncoding = 4; lastKnownFileType = sourcecode.c.h; path = PDDiff.h; sourceTree = "<group>"; };
		98251E751941368E00542437 /* PDDiff.m */ = {isa = PBXFileReference; fileEncoding = 4; lastKnownFileType = sourcecode.c.objc; path = PDDiff.m; sourceTree = "<group>"; };
		98251E7719413D6C00542437 /* PDDPathArray.h */ = {isa = PBXFileReference; fileEncoding = 4; lastKnownFileType = sourcecode.c.h; path = PDDPathArray.h; sourceTree = "<group>"; };
		98251E7819413D6C00542437 /* PDDPathArray.m */ = {isa = PBXFileReference; fileEncoding = 4; lastKnownFileType = sourcecode.c.objc; path = PDDPathArray.m; sourceTree = "<group>"; };
		9843EB4E1947AB1700AC75EC /* PDUnifiedDiff.h */ = {isa = PBXFileReference; fileEncoding = 4; lastKnownFileType = sourcecode.c.h; path = PDUnifiedDiff.h; sourceTree = "<group>"; };
		9843EB4F1947AB1700AC75EC /* PDUnifiedDiff.m */ = {isa = PBXFileReference; fileEncoding = 4; lastKnownFileType = sourcecode.c.objc; path = PDUnifiedDiff.m; sourceTree = "<group>"; };
		98E90D6F19465C0500E73E99 /* PDStringPath.h */ = {isa = PBXFileReference; lastKnownFileType = sourcecode.c.h; path = PDStringPath.h; sourceTree = "<group>"; };
		98E90D7019465CF200E73E99 /* PDCharPath.h */ = {isa = PBXFileReference; fileEncoding = 4; lastKnownFileType = sourcecode.c.h; path = PDCharPath.h; sourceTree = "<group>"; };
		98E90D7119465CF200E73E99 /* PDCharPath.m */ = {isa = PBXFileReference; fileEncoding = 4; lastKnownFileType = sourcecode.c.objc; path = PDCharPath.m; sourceTree = "<group>"; };
		98E90D7319465E1D00E73E99 /* PDLinePath.h */ = {isa = PBXFileReference; fileEncoding = 4; lastKnownFileType = sourcecode.c.h; path = PDLinePath.h; sourceTree = "<group>"; };
		98E90D7419465E1D00E73E99 /* PDLinePath.m */ = {isa = PBXFileReference; fileEncoding = 4; lastKnownFileType = sourcecode.c.objc; path = PDLinePath.m; sourceTree = "<group>"; };
		98FF723E19437B0B008A24EF /* PDDPath.h */ = {isa = PBXFileReference; fileEncoding = 4; lastKnownFileType = sourcecode.c.h; path = PDDPath.h; sourceTree = "<group>"; };
		98FF723F19437B0B008A24EF /* PDDPath.m */ = {isa = PBXFileReference; fileEncoding = 4; lastKnownFileType = sourcecode.c.objc; path = PDDPath.m; sourceTree = "<group>"; };
		98FF724119437B57008A24EF /* PDEdit.h */ = {isa = PBXFileReference; fileEncoding = 4; lastKnownFileType = sourcecode.c.h; path = PDEdit.h; sourceTree = "<group>"; };
		98FF724219437B57008A24EF /* PDEdit.m */ = {isa = PBXFileReference; fileEncoding = 4; lastKnownFileType = sourcecode.c.objc; path = PDEdit.m; sourceTree = "<group>"; };
/* End PBXFileReference section */

/* Begin PBXFrameworksBuildPhase section */
		98251E3A1941314100542437 /* Frameworks */ = {
			isa = PBXFrameworksBuildPhase;
			buildActionMask = 2147483647;
			files = (
				98251E411941314100542437 /* Cocoa.framework in Frameworks */,
			);
			runOnlyForDeploymentPostprocessing = 0;
		};
		98251E5B1941314200542437 /* Frameworks */ = {
			isa = PBXFrameworksBuildPhase;
			buildActionMask = 2147483647;
			files = (
				98251E611941314200542437 /* Cocoa.framework in Frameworks */,
				98251E601941314200542437 /* XCTest.framework in Frameworks */,
			);
			runOnlyForDeploymentPostprocessing = 0;
		};
/* End PBXFrameworksBuildPhase section */

/* Begin PBXGroup section */
		98251E341941314100542437 = {
			isa = PBXGroup;
			children = (
				98251E461941314100542437 /* Path Diff */,
				98251E641941314200542437 /* Path DiffTests */,
				98251E3F1941314100542437 /* Frameworks */,
				98251E3E1941314100542437 /* Products */,
			);
			sourceTree = "<group>";
		};
		98251E3E1941314100542437 /* Products */ = {
			isa = PBXGroup;
			children = (
				98251E3D1941314100542437 /* Path Diff.app */,
				98251E5E1941314200542437 /* Path DiffTests.xctest */,
			);
			name = Products;
			sourceTree = "<group>";
		};
		98251E3F1941314100542437 /* Frameworks */ = {
			isa = PBXGroup;
			children = (
				98251E401941314100542437 /* Cocoa.framework */,
				98251E5F1941314200542437 /* XCTest.framework */,
				98251E421941314100542437 /* Other Frameworks */,
			);
			name = Frameworks;
			sourceTree = "<group>";
		};
		98251E421941314100542437 /* Other Frameworks */ = {
			isa = PBXGroup;
			children = (
				98251E431941314100542437 /* AppKit.framework */,
				98251E441941314100542437 /* CoreData.framework */,
				98251E451941314100542437 /* Foundation.framework */,
			);
			name = "Other Frameworks";
			sourceTree = "<group>";
		};
		98251E461941314100542437 /* Path Diff */ = {
			isa = PBXGroup;
			children = (
				98251E521941314100542437 /* PDAppDelegate.h */,
				98251E531941314100542437 /* PDAppDelegate.m */,
				98251E7719413D6C00542437 /* PDDPathArray.h */,
				98251E7819413D6C00542437 /* PDDPathArray.m */,
				98FF724119437B57008A24EF /* PDEdit.h */,
				98FF724219437B57008A24EF /* PDEdit.m */,
				98FF723E19437B0B008A24EF /* PDDPath.h */,
				98FF723F19437B0B008A24EF /* PDDPath.m */,
				98E90D6F19465C0500E73E99 /* PDStringPath.h */,
				98E90D7019465CF200E73E99 /* PDCharPath.h */,
				98E90D7119465CF200E73E99 /* PDCharPath.m */,
				98E90D7319465E1D00E73E99 /* PDLinePath.h */,
				98E90D7419465E1D00E73E99 /* PDLinePath.m */,
				9843EB4E1947AB1700AC75EC /* PDUnifiedDiff.h */,
				9843EB4F1947AB1700AC75EC /* PDUnifiedDiff.m */,
				98251E741941368E00542437 /* PDDiff.h */,
				98251E751941368E00542437 /* PDDiff.m */,
				98251E551941314100542437 /* MainMenu.xib */,
				98251E581941314100542437 /* Images.xcassets */,
				98251E471941314100542437 /* Supporting Files */,
			);
			path = "Path Diff";
			sourceTree = "<group>";
		};
		98251E471941314100542437 /* Supporting Files */ = {
			isa = PBXGroup;
			children = (
				98251E481941314100542437 /* Path Diff-Info.plist */,
				98251E491941314100542437 /* InfoPlist.strings */,
				98251E4C1941314100542437 /* main.m */,
				98251E4E1941314100542437 /* Path Diff-Prefix.pch */,
				98251E4F1941314100542437 /* Credits.rtf */,
			);
			name = "Supporting Files";
			sourceTree = "<group>";
		};
		98251E641941314200542437 /* Path DiffTests */ = {
			isa = PBXGroup;
			children = (
				98251E6A1941314200542437 /* Path_DiffTests.m */,
				98251E651941314200542437 /* Supporting Files */,
			);
			path = "Path DiffTests";
			sourceTree = "<group>";
		};
		98251E651941314200542437 /* Supporting Files */ = {
			isa = PBXGroup;
			children = (
				98251E661941314200542437 /* Path DiffTests-Info.plist */,
				98251E671941314200542437 /* InfoPlist.strings */,
			);
			name = "Supporting Files";
			sourceTree = "<group>";
		};
/* End PBXGroup section */

/* Begin PBXNativeTarget section */
		98251E3C1941314100542437 /* Path Diff */ = {
			isa = PBXNativeTarget;
			buildConfigurationList = 98251E6E1941314200542437 /* Build configuration list for PBXNativeTarget "Path Diff" */;
			buildPhases = (
				98251E391941314100542437 /* Sources */,
				98251E3A1941314100542437 /* Frameworks */,
				98251E3B1941314100542437 /* Resources */,
			);
			buildRules = (
			);
			dependencies = (
			);
			name = "Path Diff";
			productName = "Path Diff";
			productReference = 98251E3D1941314100542437 /* Path Diff.app */;
			productType = "com.apple.product-type.application";
		};
		98251E5D1941314200542437 /* Path DiffTests */ = {
			isa = PBXNativeTarget;
			buildConfigurationList = 98251E711941314200542437 /* Build configuration list for PBXNativeTarget "Path DiffTests" */;
			buildPhases = (
				98251E5A1941314200542437 /* Sources */,
				98251E5B1941314200542437 /* Frameworks */,
				98251E5C1941314200542437 /* Resources */,
			);
			buildRules = (
			);
			dependencies = (
				98251E631941314200542437 /* PBXTargetDependency */,
			);
			name = "Path DiffTests";
			productName = "Path DiffTests";
			productReference = 98251E5E1941314200542437 /* Path DiffTests.xctest */;
			productType = "com.apple.product-type.bundle.unit-test";
		};
/* End PBXNativeTarget section */

/* Begin PBXProject section */
		98251E351941314100542437 /* Project object */ = {
			isa = PBXProject;
			attributes = {
				CLASSPREFIX = PD;
				LastUpgradeCheck = 0510;
				ORGANIZATIONNAME = "Shawn LeMaster";
				TargetAttributes = {
					98251E5D1941314200542437 = {
						TestTargetID = 98251E3C1941314100542437;
					};
				};
			};
			buildConfigurationList = 98251E381941314100542437 /* Build configuration list for PBXProject "Path Diff" */;
			compatibilityVersion = "Xcode 3.2";
			developmentRegion = English;
			hasScannedForEncodings = 0;
			knownRegions = (
				en,
				Base,
			);
			mainGroup = 98251E341941314100542437;
			productRefGroup = 98251E3E1941314100542437 /* Products */;
			projectDirPath = "";
			projectRoot = "";
			targets = (
				98251E3C1941314100542437 /* Path Diff */,
				98251E5D1941314200542437 /* Path DiffTests */,
			);
		};
/* End PBXProject section */

/* Begin PBXResourcesBuildPhase section */
		98251E3B1941314100542437 /* Resources */ = {
			isa = PBXResourcesBuildPhase;
			buildActionMask = 2147483647;
			files = (
				98251E4B1941314100542437 /* InfoPlist.strings in Resources */,
				98251E591941314100542437 /* Images.xcassets in Resources */,
				98251E511941314100542437 /* Credits.rtf in Resources */,
				98251E571941314100542437 /* MainMenu.xib in Resources */,
			);
			runOnlyForDeploymentPostprocessing = 0;
		};
		98251E5C1941314200542437 /* Resources */ = {
			isa = PBXResourcesBuildPhase;
			buildActionMask = 2147483647;
			files = (
				98251E691941314200542437 /* InfoPlist.strings in Resources */,
			);
			runOnlyForDeploymentPostprocessing = 0;
		};
/* End PBXResourcesBuildPhase section */

/* Begin PBXSourcesBuildPhase section */
		98251E391941314100542437 /* Sources */ = {
			isa = PBXSourcesBuildPhase;
			buildActionMask = 2147483647;
			files = (
				98E90D7519465E1D00E73E99 /* PDLinePath.m in Sources */,
				9843EB501947AB1700AC75EC /* PDUnifiedDiff.m in Sources */,
				98251E7919413D6C00542437 /* PDDPathArray.m in Sources */,
				98E90D7219465CF200E73E99 /* PDCharPath.m in Sources */,
				98FF724019437B0B008A24EF /* PDDPath.m in Sources */,
				98251E541941314100542437 /* PDAppDelegate.m in Sources */,
				98FF724319437B57008A24EF /* PDEdit.m in Sources */,
				98251E4D1941314100542437 /* main.m in Sources */,
				98251E761941368E00542437 /* PDDiff.m in Sources */,
			);
			runOnlyForDeploymentPostprocessing = 0;
		};
		98251E5A1941314200542437 /* Sources */ = {
			isa = PBXSourcesBuildPhase;
			buildActionMask = 2147483647;
			files = (
				98251E6B1941314200542437 /* Path_DiffTests.m in Sources */,
			);
			runOnlyForDeploymentPostprocessing = 0;
		};
/* End PBXSourcesBuildPhase section */

/* Begin PBXTargetDependency section */
		98251E631941314200542437 /* PBXTargetDependency */ = {
			isa = PBXTargetDependency;
			target = 98251E3C1941314100542437 /* Path Diff */;
			targetProxy = 98251E621941314200542437 /* PBXContainerItemProxy */;
		};
/* End PBXTargetDependency section */

/* Begin PBXVariantGroup section */
		98251E491941314100542437 /* InfoPlist.strings */ = {
			isa = PBXVariantGroup;
			children = (
				98251E4A1941314100542437 /* en */,
			);
			name = InfoPlist.strings;
			sourceTree = "<group>";
		};
		98251E4F1941314100542437 /* Credits.rtf */ = {
			isa = PBXVariantGroup;
			children = (
				98251E501941314100542437 /* en */,
			);
			name = Credits.rtf;
			sourceTree = "<group>";
		};
		98251E551941314100542437 /* MainMenu.xib */ = {
			isa = PBXVariantGroup;
			children = (
				98251E561941314100542437 /* Base */,
			);
			name = MainMenu.xib;
			sourceTree = "<group>";
		};
		98251E671941314200542437 /* InfoPlist.strings */ = {
			isa = PBXVariantGroup;
			children = (
				98251E681941314200542437 /* en */,
			);
			name = InfoPlist.strings;
			sourceTree = "<group>";
		};
/* End PBXVariantGroup section */

/* Begin XCBuildConfiguration section */
		98251E6C1941314200542437 /* Debug */ = {
			isa = XCBuildConfiguration;
			buildSettings = {
				ALWAYS_SEARCH_USER_PATHS = NO;
				CLANG_CXX_LANGUAGE_STANDARD = "gnu++0x";
				CLANG_CXX_LIBRARY = "libc++";
				CLANG_ENABLE_MODULES = YES;
				CLANG_ENABLE_OBJC_ARC = YES;
				CLANG_WARN_BOOL_CONVERSION = YES;
				CLANG_WARN_CONSTANT_CONVERSION = YES;
				CLANG_WARN_DIRECT_OBJC_ISA_USAGE = YES_ERROR;
				CLANG_WARN_EMPTY_BODY = YES;
				CLANG_WARN_ENUM_CONVERSION = YES;
				CLANG_WARN_INT_CONVERSION = YES;
				CLANG_WARN_OBJC_ROOT_CLASS = YES_ERROR;
				CLANG_WARN__DUPLICATE_METHOD_MATCH = YES;
				COPY_PHASE_STRIP = NO;
				GCC_C_LANGUAGE_STANDARD = gnu99;
				GCC_DYNAMIC_NO_PIC = NO;
				GCC_ENABLE_OBJC_EXCEPTIONS = YES;
				GCC_OPTIMIZATION_LEVEL = 0;
				GCC_PREPROCESSOR_DEFINITIONS = (
					"DEBUG=1",
					"$(inherited)",
				);
				GCC_SYMBOLS_PRIVATE_EXTERN = NO;
				GCC_WARN_64_TO_32_BIT_CONVERSION = YES;
				GCC_WARN_ABOUT_RETURN_TYPE = YES_ERROR;
				GCC_WARN_UNDECLARED_SELECTOR = YES;
				GCC_WARN_UNINITIALIZED_AUTOS = YES_AGGRESSIVE;
				GCC_WARN_UNUSED_FUNCTION = YES;
				GCC_WARN_UNUSED_VARIABLE = YES;
				MACOSX_DEPLOYMENT_TARGET = 10.9;
				ONLY_ACTIVE_ARCH = YES;
				SDKROOT = macosx;
			};
			name = Debug;
		};
		98251E6D1941314200542437 /* Release */ = {
			isa = XCBuildConfiguration;
			buildSettings = {
				ALWAYS_SEARCH_USER_PATHS = NO;
				CLANG_CXX_LANGUAGE_STANDARD = "gnu++0x";
				CLANG_CXX_LIBRARY = "libc++";
				CLANG_ENABLE_MODULES = YES;
				CLANG_ENABLE_OBJC_ARC = YES;
				CLANG_WARN_BOOL_CONVERSION = YES;
				CLANG_WARN_CONSTANT_CONVERSION = YES;
				CLANG_WARN_DIRECT_OBJC_ISA_USAGE = YES_ERROR;
				CLANG_WARN_EMPTY_BODY = YES;
				CLANG_WARN_ENUM_CONVERSION = YES;
				CLANG_WARN_INT_CONVERSION = YES;
				CLANG_WARN_OBJC_ROOT_CLASS = YES_ERROR;
				CLANG_WARN__DUPLICATE_METHOD_MATCH = YES;
				COPY_PHASE_STRIP = YES;
				DEBUG_INFORMATION_FORMAT = "dwarf-with-dsym";
				ENABLE_NS_ASSERTIONS = NO;
				GCC_C_LANGUAGE_STANDARD = gnu99;
				GCC_ENABLE_OBJC_EXCEPTIONS = YES;
				GCC_WARN_64_TO_32_BIT_CONVERSION = YES;
				GCC_WARN_ABOUT_RETURN_TYPE = YES_ERROR;
				GCC_WARN_UNDECLARED_SELECTOR = YES;
				GCC_WARN_UNINITIALIZED_AUTOS = YES_AGGRESSIVE;
				GCC_WARN_UNUSED_FUNCTION = YES;
				GCC_WARN_UNUSED_VARIABLE = YES;
				MACOSX_DEPLOYMENT_TARGET = 10.9;
				SDKROOT = macosx;
			};
			name = Release;
		};
		98251E6F1941314200542437 /* Debug */ = {
			isa = XCBuildConfiguration;
			buildSettings = {
				ASSETCATALOG_COMPILER_APPICON_NAME = AppIcon;
				COMBINE_HIDPI_IMAGES = YES;
				GCC_PRECOMPILE_PREFIX_HEADER = YES;
				GCC_PREFIX_HEADER = "Path Diff/Path Diff-Prefix.pch";
				INFOPLIST_FILE = "Path Diff/Path Diff-Info.plist";
				PRODUCT_NAME = "$(TARGET_NAME)";
				WRAPPER_EXTENSION = app;
			};
			name = Debug;
		};
		98251E701941314200542437 /* Release */ = {
			isa = XCBuildConfiguration;
			buildSettings = {
				ASSETCATALOG_COMPILER_APPICON_NAME = AppIcon;
				COMBINE_HIDPI_IMAGES = YES;
				GCC_PRECOMPILE_PREFIX_HEADER = YES;
				GCC_PREFIX_HEADER = "Path Diff/Path Diff-Prefix.pch";
				INFOPLIST_FILE = "Path Diff/Path Diff-Info.plist";
				PRODUCT_NAME = "$(TARGET_NAME)";
				WRAPPER_EXTENSION = app;
			};
			name = Release;
		};
		98251E721941314200542437 /* Debug */ = {
			isa = XCBuildConfiguration;
			buildSettings = {
				BUNDLE_LOADER = "$(BUILT_PRODUCTS_DIR)/Path Diff.app/Contents/MacOS/Path Diff";
				COMBINE_HIDPI_IMAGES = YES;
				FRAMEWORK_SEARCH_PATHS = (
					"$(DEVELOPER_FRAMEWORKS_DIR)",
					"$(inherited)",
				);
				GCC_PRECOMPILE_PREFIX_HEADER = YES;
				GCC_PREFIX_HEADER = "Path Diff/Path Diff-Prefix.pch";
				GCC_PREPROCESSOR_DEFINITIONS = (
					"DEBUG=1",
					"$(inherited)",
				);
				INFOPLIST_FILE = "Path DiffTests/Path DiffTests-Info.plist";
				PRODUCT_NAME = "$(TARGET_NAME)";
				TEST_HOST = "$(BUNDLE_LOADER)";
				WRAPPER_EXTENSION = xctest;
			};
			name = Debug;
		};
		98251E731941314200542437 /* Release */ = {
			isa = XCBuildConfiguration;
			buildSettings = {
				BUNDLE_LOADER = "$(BUILT_PRODUCTS_DIR)/Path Diff.app/Contents/MacOS/Path Diff";
				COMBINE_HIDPI_IMAGES = YES;
				FRAMEWORK_SEARCH_PATHS = (
					"$(DEVELOPER_FRAMEWORKS_DIR)",
					"$(inherited)",
				);
				GCC_PRECOMPILE_PREFIX_HEADER = YES;
				GCC_PREFIX_HEADER = "Path Diff/Path Diff-Prefix.pch";
				INFOPLIST_FILE = "Path DiffTests/Path DiffTests-Info.plist";
				PRODUCT_NAME = "$(TARGET_NAME)";
				TEST_HOST = "$(BUNDLE_LOADER)";
				WRAPPER_EXTENSION = xctest;
			};
			name = Release;
		};
/* End XCBuildConfiguration section */

/* Begin XCConfigurationList section */
		98251E381941314100542437 /* Build configuration list for PBXProject "Path Diff" */ = {
			isa = XCConfigurationList;
			buildConfigurations = (
				98251E6C1941314200542437 /* Debug */,
				98251E6D1941314200542437 /* Release */,
			);
			defaultConfigurationIsVisible = 0;
			defaultConfigurationName = Release;
		};
		98251E6E1941314200542437 /* Build configuration list for PBXNativeTarget "Path Diff" */ = {
			isa = XCConfigurationList;
			buildConfigurations = (
				98251E6F1941314200542437 /* Debug */,
				98251E701941314200542437 /* Release */,
			);
			defaultConfigurationIsVisible = 0;
			defaultConfigurationName = Release;
		};
		98251E711941314200542437 /* Build configuration list for PBXNativeTarget "Path DiffTests" */ = {
			isa = XCConfigurationList;
			buildConfigurations = (
				98251E721941314200542437 /* Debug */,
				98251E731941314200542437 /* Release */,
			);
			defaultConfigurationIsVisible = 0;
			defaultConfigurationName = Release;
		};
/* End XCConfigurationList section */
	};
	rootObject = 98251E351941314100542437 /* Project object */;
}
